
Microsoft Visual Studio Solution File, Format Version 12.00
# Visual Studio 15
Project("{FAE04EC0-301F-11D3-BF4B-00C04F79EFBC}") = "lab1", "lab1\lab1.csproj", "{C2A823B2-7764-47F7-AFCD-845B7888242E}"
EndProject
Global
	GlobalSection(SolutionConfigurationPlatforms) = preSolution
		Debug|anycpu = Debug|anycpu
		Release|anycpu = Release|anycpu
	EndGlobalSection
	GlobalSection(ProjectConfigurationPlatforms) = postSolution
		{C2A823B2-7764-47F7-AFCD-845B7888242E}.Debug|anycpu.ActiveCfg = Debug|anycpu
		{C2A823B2-7764-47F7-AFCD-845B7888242E}.Debug|anycpu.Build.0 = Debug|anycpu
		{C2A823B2-7764-47F7-AFCD-845B7888242E}.Release|anycpu.ActiveCfg = Release|anycpu
		{C2A823B2-7764-47F7-AFCD-845B7888242E}.Release|anycpu.Build.0 = Release|anycpu
	EndGlobalSection
EndGlobal
